
Microsoft Visual Studio Solution File, Format Version 12.00
# Visual Studio Version 17
VisualStudioVersion = 17.4.33110.190
MinimumVisualStudioVersion = 10.0.40219.1
Project("{FAE04EC0-301F-11D3-BF4B-00C04F79EFBC}") = "Algoritmos", "Algoritmos.csproj", "{DCBCACA8-22B3-44AE-B67F-8FE56BB499A9}"
EndProject
Global
	GlobalSection(SolutionConfigurationPlatforms) = preSolution
		Debug|Any CPU = Debug|Any CPU
		Release|Any CPU = Release|Any CPU
	EndGlobalSection
	GlobalSection(ProjectConfigurationPlatforms) = postSolution
		{DCBCACA8-22B3-44AE-B67F-8FE56BB499A9}.Debug|Any CPU.ActiveCfg = Debug|Any CPU
		{DCBCACA8-22B3-44AE-B67F-8FE56BB499A9}.Debug|Any CPU.Build.0 = Debug|Any CPU
		{DCBCACA8-22B3-44AE-B67F-8FE56BB499A9}.Release|Any CPU.ActiveCfg = Release|Any CPU
		{DCBCACA8-22B3-44AE-B67F-8FE56BB499A9}.Release|Any CPU.Build.0 = Release|Any CPU
	EndGlobalSection
	GlobalSection(SolutionProperties) = preSolution
		HideSolutionNode = FALSE
	EndGlobalSection
	GlobalSection(ExtensibilityGlobals) = postSolution
		SolutionGuid = {485F265F-E6A7-4117-843E-177F42E4BB93}
	EndGlobalSection
EndGlobal
